
Microsoft Visual Studio Solution File, Format Version 12.00
# Visual Studio Version 16
VisualStudioVersion = 25.0.1706.9
MinimumVisualStudioVersion = 10.0.40219.1
Project("{FAE04EC0-301F-11D3-BF4B-00C04F79EFBC}") = "LearnMyCalculatorApp", "LearnMyCalculatorApp.csproj", "{78854E39-FF1E-4D4D-A2BA-A19AE04C09B5}"
EndProject
Project("{FAE04EC0-301F-11D3-BF4B-00C04F79EFBC}") = "LearnMyCalculatorApp.Tests", "..\LearnMyCalculatorApp.Tests\LearnMyCalculatorApp.Tests.csproj", "{0764AFAA-7D2F-4BA3-82BF-D04F5DA29071}"
EndProject
Global
	GlobalSection(SolutionConfigurationPlatforms) = preSolution
		Debug|Any CPU = Debug|Any CPU
		Release|Any CPU = Release|Any CPU
	EndGlobalSection
	GlobalSection(ProjectConfigurationPlatforms) = postSolution
		{78854E39-FF1E-4D4D-A2BA-A19AE04C09B5}.Debug|Any CPU.ActiveCfg = Debug|Any CPU
		{78854E39-FF1E-4D4D-A2BA-A19AE04C09B5}.Debug|Any CPU.Build.0 = Debug|Any CPU
		{78854E39-FF1E-4D4D-A2BA-A19AE04C09B5}.Release|Any CPU.ActiveCfg = Release|Any CPU
		{78854E39-FF1E-4D4D-A2BA-A19AE04C09B5}.Release|Any CPU.Build.0 = Release|Any CPU
		{0764AFAA-7D2F-4BA3-82BF-D04F5DA29071}.Debug|Any CPU.ActiveCfg = Debug|Any CPU
		{0764AFAA-7D2F-4BA3-82BF-D04F5DA29071}.Debug|Any CPU.Build.0 = Debug|Any CPU
		{0764AFAA-7D2F-4BA3-82BF-D04F5DA29071}.Release|Any CPU.ActiveCfg = Release|Any CPU
		{0764AFAA-7D2F-4BA3-82BF-D04F5DA29071}.Release|Any CPU.Build.0 = Release|Any CPU
	EndGlobalSection
	GlobalSection(SolutionProperties) = preSolution
		HideSolutionNode = FALSE
	EndGlobalSection
	GlobalSection(ExtensibilityGlobals) = postSolution
		SolutionGuid = {D8A6B22E-A29F-4C5C-9663-7DB6D7442EE9}
	EndGlobalSection
EndGlobal
